// !$*UTF8*$!
{
	archiveVersion = 1;
	classes = {
	};
	objectVersion = 56;
	objects = {

/* Begin PBXBuildFile section */
		0F0A5A082C353A75007EF6A1 /* NotesCrudSwiftDataApp.swift in Sources */ = {isa = PBXBuildFile; fileRef = 0F0A5A072C353A75007EF6A1 /* NotesCrudSwiftDataApp.swift */; };
		0F0A5A0A2C353A75007EF6A1 /* ContentView.swift in Sources */ = {isa = PBXBuildFile; fileRef = 0F0A5A092C353A75007EF6A1 /* ContentView.swift */; };
		0F0A5A0C2C353A77007EF6A1 /* Assets.xcassets in Resources */ = {isa = PBXBuildFile; fileRef = 0F0A5A0B2C353A77007EF6A1 /* Assets.xcassets */; };
		0F0A5A0F2C353A77007EF6A1 /* Preview Assets.xcassets in Resources */ = {isa = PBXBuildFile; fileRef = 0F0A5A0E2C353A77007EF6A1 /* Preview Assets.xcassets */; };
		0F0A5A162C353AAB007EF6A1 /* NotesListView.swift in Sources */ = {isa = PBXBuildFile; fileRef = 0F0A5A152C353AAB007EF6A1 /* NotesListView.swift */; };
		0F0A5A182C353ABE007EF6A1 /* Note.swift in Sources */ = {isa = PBXBuildFile; fileRef = 0F0A5A172C353ABE007EF6A1 /* Note.swift */; };
		0F0A5A1A2C353C2B007EF6A1 /* NoteView.swift in Sources */ = {isa = PBXBuildFile; fileRef = 0F0A5A192C353C2B007EF6A1 /* NoteView.swift */; };
		0F0A5A1C2C353E76007EF6A1 /*  NotesTestData.swift in Sources */ = {isa = PBXBuildFile; fileRef = 0F0A5A1B2C353E76007EF6A1 /*  NotesTestData.swift */; };
		0F42134D2C354E4F004D68DE /* AddNewNote.swift in Sources */ = {isa = PBXBuildFile; fileRef = 0F42134C2C354E4F004D68DE /* AddNewNote.swift */; };
		0F997FAF2C35635400CC7012 /* UpdateNoteView.swift in Sources */ = {isa = PBXBuildFile; fileRef = 0F997FAE2C35635400CC7012 /* UpdateNoteView.swift */; };
/* End PBXBuildFile section */

/* Begin PBXFileReference section */
		0F0A5A042C353A74007EF6A1 /* NotesCrudSwiftData.app */ = {isa = PBXFileReference; explicitFileType = wrapper.application; includeInIndex = 0; path = NotesCrudSwiftData.app; sourceTree = BUILT_PRODUCTS_DIR; };
		0F0A5A072C353A75007EF6A1 /* NotesCrudSwiftDataApp.swift */ = {isa = PBXFileReference; lastKnownFileType = sourcecode.swift; path = NotesCrudSwiftDataApp.swift; sourceTree = "<group>"; };
		0F0A5A092C353A75007EF6A1 /* ContentView.swift */ = {isa = PBXFileReference; lastKnownFileType = sourcecode.swift; path = ContentView.swift; sourceTree = "<group>"; };
		0F0A5A0B2C353A77007EF6A1 /* Assets.xcassets */ = {isa = PBXFileReference; lastKnownFileType = folder.assetcatalog; path = Assets.xcassets; sourceTree = "<group>"; };
		0F0A5A0E2C353A77007EF6A1 /* Preview Assets.xcassets */ = {isa = PBXFileReference; lastKnownFileType = folder.assetcatalog; path = "Preview Assets.xcassets"; sourceTree = "<group>"; };
		0F0A5A152C353AAB007EF6A1 /* NotesListView.swift */ = {isa = PBXFileReference; lastKnownFileType = sourcecode.swift; path = NotesListView.swift; sourceTree = "<group>"; };
		0F0A5A172C353ABE007EF6A1 /* Note.swift */ = {isa = PBXFileReference; lastKnownFileType = sourcecode.swift; path = Note.swift; sourceTree = "<group>"; };
		0F0A5A192C353C2B007EF6A1 /* NoteView.swift */ = {isa = PBXFileReference; lastKnownFileType = sourcecode.swift; path = NoteView.swift; sourceTree = "<group>"; };
		0F0A5A1B2C353E76007EF6A1 /*  NotesTestData.swift */ = {isa = PBXFileReference; lastKnownFileType = sourcecode.swift; path = " NotesTestData.swift"; sourceTree = "<group>"; };
		0F42134C2C354E4F004D68DE /* AddNewNote.swift */ = {isa = PBXFileReference; lastKnownFileType = sourcecode.swift; path = AddNewNote.swift; sourceTree = "<group>"; };
		0F997FAE2C35635400CC7012 /* UpdateNoteView.swift */ = {isa = PBXFileReference; lastKnownFileType = sourcecode.swift; path = UpdateNoteView.swift; sourceTree = "<group>"; };
/* End PBXFileReference section */

/* Begin PBXFrameworksBuildPhase section */
		0F0A5A012C353A74007EF6A1 /* Frameworks */ = {
			isa = PBXFrameworksBuildPhase;
			buildActionMask = 2147483647;
			files = (
			);
			runOnlyForDeploymentPostprocessing = 0;
		};
/* End PBXFrameworksBuildPhase section */

/* Begin PBXGroup section */
		0F0A59FB2C353A74007EF6A1 = {
			isa = PBXGroup;
			children = (
				0F0A5A062C353A75007EF6A1 /* NotesCrudSwiftData */,
				0F0A5A052C353A74007EF6A1 /* Products */,
			);
			sourceTree = "<group>";
		};
		0F0A5A052C353A74007EF6A1 /* Products */ = {
			isa = PBXGroup;
			children = (
				0F0A5A042C353A74007EF6A1 /* NotesCrudSwiftData.app */,
			);
			name = Products;
			sourceTree = "<group>";
		};
		0F0A5A062C353A75007EF6A1 /* NotesCrudSwiftData */ = {
			isa = PBXGroup;
			children = (
				0F0A5A172C353ABE007EF6A1 /* Note.swift */,
				0F0A5A072C353A75007EF6A1 /* NotesCrudSwiftDataApp.swift */,
				0F0A5A192C353C2B007EF6A1 /* NoteView.swift */,
				0F0A5A152C353AAB007EF6A1 /* NotesListView.swift */,
				0F0A5A1B2C353E76007EF6A1 /*  NotesTestData.swift */,
				0F42134C2C354E4F004D68DE /* AddNewNote.swift */,
				0F997FAE2C35635400CC7012 /* UpdateNoteView.swift */,
				0F0A5A092C353A75007EF6A1 /* ContentView.swift */,
				0F0A5A0B2C353A77007EF6A1 /* Assets.xcassets */,
				0F0A5A0D2C353A77007EF6A1 /* Preview Content */,
			);
			path = NotesCrudSwiftData;
			sourceTree = "<group>";
		};
		0F0A5A0D2C353A77007EF6A1 /* Preview Content */ = {
			isa = PBXGroup;
			children = (
				0F0A5A0E2C353A77007EF6A1 /* Preview Assets.xcassets */,
			);
			path = "Preview Content";
			sourceTree = "<group>";
		};
/* End PBXGroup section */

/* Begin PBXNativeTarget section */
		0F0A5A032C353A74007EF6A1 /* NotesCrudSwiftData */ = {
			isa = PBXNativeTarget;
			buildConfigurationList = 0F0A5A122C353A77007EF6A1 /* Build configuration list for PBXNativeTarget "NotesCrudSwiftData" */;
			buildPhases = (
				0F0A5A002C353A74007EF6A1 /* Sources */,
				0F0A5A012C353A74007EF6A1 /* Frameworks */,
				0F0A5A022C353A74007EF6A1 /* Resources */,
			);
			buildRules = (
			);
			dependencies = (
			);
			name = NotesCrudSwiftData;
			productName = NotesCrudSwiftData;
			productReference = 0F0A5A042C353A74007EF6A1 /* NotesCrudSwiftData.app */;
			productType = "com.apple.product-type.application";
		};
/* End PBXNativeTarget section */

/* Begin PBXProject section */
		0F0A59FC2C353A74007EF6A1 /* Project object */ = {
			isa = PBXProject;
			attributes = {
				BuildIndependentTargetsInParallel = 1;
				LastSwiftUpdateCheck = 1530;
				LastUpgradeCheck = 1530;
				TargetAttributes = {
					0F0A5A032C353A74007EF6A1 = {
						CreatedOnToolsVersion = 15.3;
					};
				};
			};
			buildConfigurationList = 0F0A59FF2C353A74007EF6A1 /* Build configuration list for PBXProject "NotesCrudSwiftData" */;
			compatibilityVersion = "Xcode 14.0";
			developmentRegion = en;
			hasScannedForEncodings = 0;
			knownRegions = (
				en,
				Base,
			);
			mainGroup = 0F0A59FB2C353A74007EF6A1;
			productRefGroup = 0F0A5A052C353A74007EF6A1 /* Products */;
			projectDirPath = "";
			projectRoot = "";
			targets = (
				0F0A5A032C353A74007EF6A1 /* NotesCrudSwiftData */,
			);
		};
/* End PBXProject section */

/* Begin PBXResourcesBuildPhase section */
		0F0A5A022C353A74007EF6A1 /* Resources */ = {
			isa = PBXResourcesBuildPhase;
			buildActionMask = 2147483647;
			files = (
				0F0A5A0F2C353A77007EF6A1 /* Preview Assets.xcassets in Resources */,
				0F0A5A0C2C353A77007EF6A1 /* Assets.xcassets in Resources */,
			);
			runOnlyForDeploymentPostprocessing = 0;
		};
/* End PBXResourcesBuildPhase section */

/* Begin PBXSourcesBuildPhase section */
		0F0A5A002C353A74007EF6A1 /* Sources */ = {
			isa = PBXSourcesBuildPhase;
			buildActionMask = 2147483647;
			files = (
				0F0A5A1C2C353E76007EF6A1 /*  NotesTestData.swift in Sources */,
				0F42134D2C354E4F004D68DE /* AddNewNote.swift in Sources */,
				0F0A5A0A2C353A75007EF6A1 /* ContentView.swift in Sources */,
				0F997FAF2C35635400CC7012 /* UpdateNoteView.swift in Sources */,
				0F0A5A1A2C353C2B007EF6A1 /* NoteView.swift in Sources */,
				0F0A5A162C353AAB007EF6A1 /* NotesListView.swift in Sources */,
				0F0A5A082C353A75007EF6A1 /* NotesCrudSwiftDataApp.swift in Sources */,
				0F0A5A182C353ABE007EF6A1 /* Note.swift in Sources */,
			);
			runOnlyForDeploymentPostprocessing = 0;
		};
/* End PBXSourcesBuildPhase section */

/* Begin XCBuildConfiguration section */
		0F0A5A102C353A77007EF6A1 /* Debug */ = {
			isa = XCBuildConfiguration;
			buildSettings = {
				ALWAYS_SEARCH_USER_PATHS = NO;
				ASSETCATALOG_COMPILER_GENERATE_SWIFT_ASSET_SYMBOL_EXTENSIONS = YES;
				CLANG_ANALYZER_NONNULL = YES;
				CLANG_ANALYZER_NUMBER_OBJECT_CONVERSION = YES_AGGRESSIVE;
				CLANG_CXX_LANGUAGE_STANDARD = "gnu++20";
				CLANG_ENABLE_MODULES = YES;
				CLANG_ENABLE_OBJC_ARC = YES;
				CLANG_ENABLE_OBJC_WEAK = YES;
				CLANG_WARN_BLOCK_CAPTURE_AUTORELEASING = YES;
				CLANG_WARN_BOOL_CONVERSION = YES;
				CLANG_WARN_COMMA = YES;
				CLANG_WARN_CONSTANT_CONVERSION = YES;
				CLANG_WARN_DEPRECATED_OBJC_IMPLEMENTATIONS = YES;
				CLANG_WARN_DIRECT_OBJC_ISA_USAGE = YES_ERROR;
				CLANG_WARN_DOCUMENTATION_COMMENTS = YES;
				CLANG_WARN_EMPTY_BODY = YES;
				CLANG_WARN_ENUM_CONVERSION = YES;
				CLANG_WARN_INFINITE_RECURSION = YES;
				CLANG_WARN_INT_CONVERSION = YES;
				CLANG_WARN_NON_LITERAL_NULL_CONVERSION = YES;
				CLANG_WARN_OBJC_IMPLICIT_RETAIN_SELF = YES;
				CLANG_WARN_OBJC_LITERAL_CONVERSION = YES;
				CLANG_WARN_OBJC_ROOT_CLASS = YES_ERROR;
				CLANG_WARN_QUOTED_INCLUDE_IN_FRAMEWORK_HEADER = YES;
				CLANG_WARN_RANGE_LOOP_ANALYSIS = YES;
				CLANG_WARN_STRICT_PROTOTYPES = YES;
				CLANG_WARN_SUSPICIOUS_MOVE = YES;
				CLANG_WARN_UNGUARDED_AVAILABILITY = YES_AGGRESSIVE;
				CLANG_WARN_UNREACHABLE_CODE = YES;
				CLANG_WARN__DUPLICATE_METHOD_MATCH = YES;
				COPY_PHASE_STRIP = NO;
				DEBUG_INFORMATION_FORMAT = dwarf;
				ENABLE_STRICT_OBJC_MSGSEND = YES;
				ENABLE_TESTABILITY = YES;
				ENABLE_USER_SCRIPT_SANDBOXING = YES;
				GCC_C_LANGUAGE_STANDARD = gnu17;
				GCC_DYNAMIC_NO_PIC = NO;
				GCC_NO_COMMON_BLOCKS = YES;
				GCC_OPTIMIZATION_LEVEL = 0;
				GCC_PREPROCESSOR_DEFINITIONS = (
					"DEBUG=1",
					"$(inherited)",
				);
				GCC_WARN_64_TO_32_BIT_CONVERSION = YES;
				GCC_WARN_ABOUT_RETURN_TYPE = YES_ERROR;
				GCC_WARN_UNDECLARED_SELECTOR = YES;
				GCC_WARN_UNINITIALIZED_AUTOS = YES_AGGRESSIVE;
				GCC_WARN_UNUSED_FUNCTION = YES;
				GCC_WARN_UNUSED_VARIABLE = YES;
				IPHONEOS_DEPLOYMENT_TARGET = 17.4;
				LOCALIZATION_PREFERS_STRING_CATALOGS = YES;
				MTL_ENABLE_DEBUG_INFO = INCLUDE_SOURCE;
				MTL_FAST_MATH = YES;
				ONLY_ACTIVE_ARCH = YES;
				SDKROOT = iphoneos;
				SWIFT_ACTIVE_COMPILATION_CONDITIONS = "DEBUG $(inherited)";
				SWIFT_OPTIMIZATION_LEVEL = "-Onone";
			};
			name = Debug;
		};
		0F0A5A112C353A77007EF6A1 /* Release */ = {
			isa = XCBuildConfiguration;
			buildSettings = {
				ALWAYS_SEARCH_USER_PATHS = NO;
				ASSETCATALOG_COMPILER_GENERATE_SWIFT_ASSET_SYMBOL_EXTENSIONS = YES;
				CLANG_ANALYZER_NONNULL = YES;
				CLANG_ANALYZER_NUMBER_OBJECT_CONVERSION = YES_AGGRESSIVE;
				CLANG_CXX_LANGUAGE_STANDARD = "gnu++20";
				CLANG_ENABLE_MODULES = YES;
				CLANG_ENABLE_OBJC_ARC = YES;
				CLANG_ENABLE_OBJC_WEAK = YES;
				CLANG_WARN_BLOCK_CAPTURE_AUTORELEASING = YES;
				CLANG_WARN_BOOL_CONVERSION = YES;
				CLANG_WARN_COMMA = YES;
				CLANG_WARN_CONSTANT_CONVERSION = YES;
				CLANG_WARN_DEPRECATED_OBJC_IMPLEMENTATIONS = YES;
				CLANG_WARN_DIRECT_OBJC_ISA_USAGE = YES_ERROR;
				CLANG_WARN_DOCUMENTATION_COMMENTS = YES;
				CLANG_WARN_EMPTY_BODY = YES;
				CLANG_WARN_ENUM_CONVERSION = YES;
				CLANG_WARN_INFINITE_RECURSION = YES;
				CLANG_WARN_INT_CONVERSION = YES;
				CLANG_WARN_NON_LITERAL_NULL_CONVERSION = YES;
				CLANG_WARN_OBJC_IMPLICIT_RETAIN_SELF = YES;
				CLANG_WARN_OBJC_LITERAL_CONVERSION = YES;
				CLANG_WARN_OBJC_ROOT_CLASS = YES_ERROR;
				CLANG_WARN_QUOTED_INCLUDE_IN_FRAMEWORK_HEADER = YES;
				CLANG_WARN_RANGE_LOOP_ANALYSIS = YES;
				CLANG_WARN_STRICT_PROTOTYPES = YES;
				CLANG_WARN_SUSPICIOUS_MOVE = YES;
				CLANG_WARN_UNGUARDED_AVAILABILITY = YES_AGGRESSIVE;
				CLANG_WARN_UNREACHABLE_CODE = YES;
				CLANG_WARN__DUPLICATE_METHOD_MATCH = YES;
				COPY_PHASE_STRIP = NO;
				DEBUG_INFORMATION_FORMAT = "dwarf-with-dsym";
				ENABLE_NS_ASSERTIONS = NO;
				ENABLE_STRICT_OBJC_MSGSEND = YES;
				ENABLE_USER_SCRIPT_SANDBOXING = YES;
				GCC_C_LANGUAGE_STANDARD = gnu17;
				GCC_NO_COMMON_BLOCKS = YES;
				GCC_WARN_64_TO_32_BIT_CONVERSION = YES;
				GCC_WARN_ABOUT_RETURN_TYPE = YES_ERROR;
				GCC_WARN_UNDECLARED_SELECTOR = YES;
				GCC_WARN_UNINITIALIZED_AUTOS = YES_AGGRESSIVE;
				GCC_WARN_UNUSED_FUNCTION = YES;
				GCC_WARN_UNUSED_VARIABLE = YES;
				IPHONEOS_DEPLOYMENT_TARGET = 17.4;
				LOCALIZATION_PREFERS_STRING_CATALOGS = YES;
				MTL_ENABLE_DEBUG_INFO = NO;
				MTL_FAST_MATH = YES;
				SDKROOT = iphoneos;
				SWIFT_COMPILATION_MODE = wholemodule;
				VALIDATE_PRODUCT = YES;
			};
			name = Release;
		};
		0F0A5A132C353A77007EF6A1 /* Debug */ = {
			isa = XCBuildConfiguration;
			buildSettings = {
				ASSETCATALOG_COMPILER_APPICON_NAME = AppIcon;
				ASSETCATALOG_COMPILER_GLOBAL_ACCENT_COLOR_NAME = AccentColor;
				CODE_SIGN_STYLE = Automatic;
				CURRENT_PROJECT_VERSION = 1;
				DEVELOPMENT_ASSET_PATHS = "\"NotesCrudSwiftData/Preview Content\"";
				DEVELOPMENT_TEAM = 633R9Y6BSV;
				ENABLE_PREVIEWS = YES;
				GENERATE_INFOPLIST_FILE = YES;
				INFOPLIST_KEY_UIApplicationSceneManifest_Generation = YES;
				INFOPLIST_KEY_UIApplicationSupportsIndirectInputEvents = YES;
				INFOPLIST_KEY_UILaunchScreen_Generation = YES;
				INFOPLIST_KEY_UISupportedInterfaceOrientations_iPad = "UIInterfaceOrientationPortrait UIInterfaceOrientationPortraitUpsideDown UIInterfaceOrientationLandscapeLeft UIInterfaceOrientationLandscapeRight";
				INFOPLIST_KEY_UISupportedInterfaceOrientations_iPhone = "UIInterfaceOrientationPortrait UIInterfaceOrientationLandscapeLeft UIInterfaceOrientationLandscapeRight";
				LD_RUNPATH_SEARCH_PATHS = (
					"$(inherited)",
					"@executable_path/Frameworks",
				);
				MARKETING_VERSION = 1.0;
				PRODUCT_BUNDLE_IDENTIFIER = com.waheed.NotesCrudSwiftData;
				PRODUCT_NAME = "$(TARGET_NAME)";
				SWIFT_EMIT_LOC_STRINGS = YES;
				SWIFT_VERSION = 5.0;
				TARGETED_DEVICE_FAMILY = "1,2";
			};
			name = Debug;
		};
		0F0A5A142C353A77007EF6A1 /* Release */ = {
			isa = XCBuildConfiguration;
			buildSettings = {
				ASSETCATALOG_COMPILER_APPICON_NAME = AppIcon;
				ASSETCATALOG_COMPILER_GLOBAL_ACCENT_COLOR_NAME = AccentColor;
				CODE_SIGN_STYLE = Automatic;
				CURRENT_PROJECT_VERSION = 1;
				DEVELOPMENT_ASSET_PATHS = "\"NotesCrudSwiftData/Preview Content\"";
				DEVELOPMENT_TEAM = 633R9Y6BSV;
				ENABLE_PREVIEWS = YES;
				GENERATE_INFOPLIST_FILE = YES;
				INFOPLIST_KEY_UIApplicationSceneManifest_Generation = YES;
				INFOPLIST_KEY_UIApplicationSupportsIndirectInputEvents = YES;
				INFOPLIST_KEY_UILaunchScreen_Generation = YES;
				INFOPLIST_KEY_UISupportedInterfaceOrientations_iPad = "UIInterfaceOrientationPortrait UIInterfaceOrientationPortraitUpsideDown UIInterfaceOrientationLandscapeLeft UIInterfaceOrientationLandscapeRight";
				INFOPLIST_KEY_UISupportedInterfaceOrientations_iPhone = "UIInterfaceOrientationPortrait UIInterfaceOrientationLandscapeLeft UIInterfaceOrientationLandscapeRight";
				LD_RUNPATH_SEARCH_PATHS = (
					"$(inherited)",
					"@executable_path/Frameworks",
				);
				MARKETING_VERSION = 1.0;
				PRODUCT_BUNDLE_IDENTIFIER = com.waheed.NotesCrudSwiftData;
				PRODUCT_NAME = "$(TARGET_NAME)";
				SWIFT_EMIT_LOC_STRINGS = YES;
				SWIFT_VERSION = 5.0;
				TARGETED_DEVICE_FAMILY = "1,2";
			};
			name = Release;
		};
/* End XCBuildConfiguration section */

/* Begin XCConfigurationList section */
		0F0A59FF2C353A74007EF6A1 /* Build configuration list for PBXProject "NotesCrudSwiftData" */ = {
			isa = XCConfigurationList;
			buildConfigurations = (
				0F0A5A102C353A77007EF6A1 /* Debug */,
				0F0A5A112C353A77007EF6A1 /* Release */,
			);
			defaultConfigurationIsVisible = 0;
			defaultConfigurationName = Release;
		};
		0F0A5A122C353A77007EF6A1 /* Build configuration list for PBXNativeTarget "NotesCrudSwiftData" */ = {
			isa = XCConfigurationList;
			buildConfigurations = (
				0F0A5A132C353A77007EF6A1 /* Debug */,
				0F0A5A142C353A77007EF6A1 /* Release */,
			);
			defaultConfigurationIsVisible = 0;
			defaultConfigurationName = Release;
		};
/* End XCConfigurationList section */
	};
	rootObject = 0F0A59FC2C353A74007EF6A1 /* Project object */;
}
